
Microsoft Visual Studio Solution File, Format Version 12.00
# Visual Studio Version 16
VisualStudioVersion = 16.0.31105.61
MinimumVisualStudioVersion = 10.0.40219.1
Project("{FAE04EC0-301F-11D3-BF4B-00C04F79EFBC}") = "ShoppingAndGetReceipt", "ShoppingAndGetReceipt\ShoppingAndGetReceipt.csproj", "{B2CC829C-A6C5-42B1-9C80-779FC7F02198}"
EndProject
Global
	GlobalSection(SolutionConfigurationPlatforms) = preSolution
		Debug|Any CPU = Debug|Any CPU
		Release|Any CPU = Release|Any CPU
	EndGlobalSection
	GlobalSection(ProjectConfigurationPlatforms) = postSolution
		{B2CC829C-A6C5-42B1-9C80-779FC7F02198}.Debug|Any CPU.ActiveCfg = Debug|Any CPU
		{B2CC829C-A6C5-42B1-9C80-779FC7F02198}.Debug|Any CPU.Build.0 = Debug|Any CPU
		{B2CC829C-A6C5-42B1-9C80-779FC7F02198}.Release|Any CPU.ActiveCfg = Release|Any CPU
		{B2CC829C-A6C5-42B1-9C80-779FC7F02198}.Release|Any CPU.Build.0 = Release|Any CPU
	EndGlobalSection
	GlobalSection(SolutionProperties) = preSolution
		HideSolutionNode = FALSE
	EndGlobalSection
	GlobalSection(ExtensibilityGlobals) = postSolution
		SolutionGuid = {6BC52E01-0492-4CF2-B793-D72B415A37F9}
	EndGlobalSection
EndGlobal
